
Microsoft Visual Studio Solution File, Format Version 12.00
# Visual Studio Version 17
VisualStudioVersion = 17.14.36518.9 d17.14
MinimumVisualStudioVersion = 10.0.40219.1
Project("{FAE04EC0-301F-11D3-BF4B-00C04F79EFBC}") = "OrmConnection", "OrmConnection\OrmConnection.csproj", "{868AC37D-9D4A-45D5-818B-59CFCF43BA20}"
EndProject
Global
	GlobalSection(SolutionConfigurationPlatforms) = preSolution
		Debug|Any CPU = Debug|Any CPU
		Release|Any CPU = Release|Any CPU
	EndGlobalSection
	GlobalSection(ProjectConfigurationPlatforms) = postSolution
		{868AC37D-9D4A-45D5-818B-59CFCF43BA20}.Debug|Any CPU.ActiveCfg = Debug|Any CPU
		{868AC37D-9D4A-45D5-818B-59CFCF43BA20}.Debug|Any CPU.Build.0 = Debug|Any CPU
		{868AC37D-9D4A-45D5-818B-59CFCF43BA20}.Release|Any CPU.ActiveCfg = Release|Any CPU
		{868AC37D-9D4A-45D5-818B-59CFCF43BA20}.Release|Any CPU.Build.0 = Release|Any CPU
	EndGlobalSection
	GlobalSection(SolutionProperties) = preSolution
		HideSolutionNode = FALSE
	EndGlobalSection
	GlobalSection(ExtensibilityGlobals) = postSolution
		SolutionGuid = {4F1A3677-F124-4A0E-89F1-C23297DC63EC}
	EndGlobalSection
EndGlobal
